PODS:
  - Butter (0.2.0)
  - FontAwesomeIconFactory (2.1)
  - INAppStoreWindow (1.4)
  - Masonry (0.6.2)
  - MASPreferences (1.1.2)
  - MASShortcut (2.2.0)
  - PAPreferences (0.5)

DEPENDENCIES:
  - Butter (from `https://dbelford@bitbucket.org/dbelford/butter.git`)
  - FontAwesomeIconFactory
  - INAppStoreWindow
  - Masonry
  - MASPreferences
  - MASShortcut
  - PAPreferences

EXTERNAL SOURCES:
  Butter:
    :git: https://dbelford@bitbucket.org/dbelford/butter.git

CHECKOUT OPTIONS:
  Butter:
    :commit: 782b63904ab33872389e315335de1d582e1e0f85
    :git: https://dbelford@bitbucket.org/dbelford/butter.git

SPEC CHECKSUMS:
  Butter: edab9afbc37a69184ef714fa10fbf9020ce3c9e1
  FontAwesomeIconFactory: 0be1c4e100bb228ea59645d5b1f8a933b7ebe73a
  INAppStoreWindow: 4fd569f7435557239e78316de139e886ccbaec4d
  Masonry: 362e8a1cc0beada4a4c4832d5e863da2a51533be
  MASPreferences: 32d8a2c5ef1d60b63240f5676b011ff72e194cb1
  MASShortcut: f016adee0731ece84a143ba39204afe46a68e1d9
  PAPreferences: 9f0ffb1e67174a0df001af9d3320166ceb9ee6f5

COCOAPODS: 0.36.1
