// !$*UTF8*$!
{
	archiveVersion = 1;
	classes = {
	};
	objectVersion = 46;
	objects = {

/* Begin PBXBuildFile section */
		A61ED1D521127EDF00DF502C /* ActiveAppsTest.swift in Sources */ = {isa = PBXBuildFile; fileRef = A61ED1D421127EDF00DF502C /* ActiveAppsTest.swift */; };
		A61ED1DD2112818F00DF502C /* NumpadTests.swift in Sources */ = {isa = PBXBuildFile; fileRef = A61ED1DC2112818F00DF502C /* NumpadTests.swift */; };
		A6208F122137347F00AE2535 /* KeyboardConstants.swift in Sources */ = {isa = PBXBuildFile; fileRef = A6208F112137347F00AE2535 /* KeyboardConstants.swift */; };
		A6360E54211E3594007F31A4 /* NRAppDelegate.swift in Sources */ = {isa = PBXBuildFile; fileRef = A6BBD820211D25C6003EBBDC /* NRAppDelegate.swift */; };
		A636862A1B7DB08B00001A35 /* DABActiveApplications.framework in Frameworks */ = {isa = PBXBuildFile; fileRef = A63686271B7DB08B00001A35 /* DABActiveApplications.framework */; };
		A636862B1B7DB08B00001A35 /* ObjectiveSugar.framework in Frameworks */ = {isa = PBXBuildFile; fileRef = A63686281B7DB08B00001A35 /* ObjectiveSugar.framework */; };
		A636862E1B7DB13900001A35 /* DABActiveApplications.framework in Embed Frameworks */ = {isa = PBXBuildFile; fileRef = A63686271B7DB08B00001A35 /* DABActiveApplications.framework */; settings = {ATTRIBUTES = (CodeSignOnCopy, RemoveHeadersOnCopy, ); }; };
		A63686311B7DB13B00001A35 /* ObjectiveSugar.framework in Embed Frameworks */ = {isa = PBXBuildFile; fileRef = A63686281B7DB08B00001A35 /* ObjectiveSugar.framework */; settings = {ATTRIBUTES = (CodeSignOnCopy, RemoveHeadersOnCopy, ); }; };
		A639FDA21B9CBDF20026D03D /* NRPreferencesWindowController.m in Sources */ = {isa = PBXBuildFile; fileRef = A639FDA11B9CBDF20026D03D /* NRPreferencesWindowController.m */; };
		A63A1B7B212344FC00712BEC /* NumpadViewController.swift in Sources */ = {isa = PBXBuildFile; fileRef = A63A1B7A212344FC00712BEC /* NumpadViewController.swift */; };
		A63A1B8121234DC700712BEC /* MainViewController.swift in Sources */ = {isa = PBXBuildFile; fileRef = A63A1B8021234DC700712BEC /* MainViewController.swift */; };
		A63A1B852123F1F700712BEC /* MainViewController.storyboard in Resources */ = {isa = PBXBuildFile; fileRef = A63A1B842123F1F700712BEC /* MainViewController.storyboard */; };
		A6426D3821366ADF00D7709E /* Application.swift in Sources */ = {isa = PBXBuildFile; fileRef = A6426D3721366ADF00D7709E /* Application.swift */; };
		A6426D3A21366B5C00D7709E /* ApplicationNavigator.swift in Sources */ = {isa = PBXBuildFile; fileRef = A6426D3921366B5C00D7709E /* ApplicationNavigator.swift */; };
		A6426D3C21366CA400D7709E /* ServiceLocator.swift in Sources */ = {isa = PBXBuildFile; fileRef = A6426D3B21366CA400D7709E /* ServiceLocator.swift */; };
		A6569F9221110F84003BDBD5 /* libPods-Numpad.a in Frameworks */ = {isa = PBXBuildFile; fileRef = A024888369C93CD2280B2EAB /* libPods-Numpad.a */; };
		A65B02FA2139AF09006D3188 /* ShortcutMappingModel.swift in Sources */ = {isa = PBXBuildFile; fileRef = A65B02F92139AF09006D3188 /* ShortcutMappingModel.swift */; };
		A65B02FC2139B376006D3188 /* NRShortcut.swift in Sources */ = {isa = PBXBuildFile; fileRef = A65B02FB2139B376006D3188 /* NRShortcut.swift */; };
		A65B02FF2139C61A006D3188 /* NumpadTests.m in Sources */ = {isa = PBXBuildFile; fileRef = A65B02FE2139C61A006D3188 /* NumpadTests.m */; };
		A678F7262113B3FD006908C2 /* AXSwift.framework in Frameworks */ = {isa = PBXBuildFile; fileRef = A678F7252113B3FD006908C2 /* AXSwift.framework */; };
		A678F7272113B3FD006908C2 /* AXSwift.framework in Embed Frameworks */ = {isa = PBXBuildFile; fileRef = A678F7252113B3FD006908C2 /* AXSwift.framework */; settings = {ATTRIBUTES = (CodeSignOnCopy, RemoveHeadersOnCopy, ); }; };
		A67A212C2124C2CA00FCBF90 /* NumpadViewController.storyboard in Resources */ = {isa = PBXBuildFile; fileRef = A67A212B2124C2CA00FCBF90 /* NumpadViewController.storyboard */; };
		A67A212E2125481700FCBF90 /* NSResponder+Log.swift in Sources */ = {isa = PBXBuildFile; fileRef = A67A212D2125481700FCBF90 /* NSResponder+Log.swift */; };
		A67A213121254AD700FCBF90 /* ExpandedNumpadView.swift in Sources */ = {isa = PBXBuildFile; fileRef = A67A213021254AD700FCBF90 /* ExpandedNumpadView.swift */; };
		A67A21332125F78500FCBF90 /* RACTempBindings.swift in Sources */ = {isa = PBXBuildFile; fileRef = A67A21322125F78500FCBF90 /* RACTempBindings.swift */; };
		A67A21352128D8CF00FCBF90 /* Keyboard.swift in Sources */ = {isa = PBXBuildFile; fileRef = A67A21342128D8CF00FCBF90 /* Keyboard.swift */; };
		A67ABC0818D284D100C1D502 /* Cocoa.framework in Frameworks */ = {isa = PBXBuildFile; fileRef = A67ABC0718D284D100C1D502 /* Cocoa.framework */; };
		A67ABC1218D284D100C1D502 /* InfoPlist.strings in Resources */ = {isa = PBXBuildFile; fileRef = A67ABC1018D284D100C1D502 /* InfoPlist.strings */; };
		A67ABC1418D284D100C1D502 /* main.m in Sources */ = {isa = PBXBuildFile; fileRef = A67ABC1318D284D100C1D502 /* main.m */; };
		A67ABC1818D284D100C1D502 /* Credits.rtf in Resources */ = {isa = PBXBuildFile; fileRef = A67ABC1618D284D100C1D502 /* Credits.rtf */; };
		A67ABC1E18D284D100C1D502 /* MainMenu.xib in Resources */ = {isa = PBXBuildFile; fileRef = A67ABC1C18D284D100C1D502 /* MainMenu.xib */; };
		A67ABC2018D284D100C1D502 /* Images.xcassets in Resources */ = {isa = PBXBuildFile; fileRef = A67ABC1F18D284D100C1D502 /* Images.xcassets */; };
		A67ABC2718D284D100C1D502 /* XCTest.framework in Frameworks */ = {isa = PBXBuildFile; fileRef = A67ABC2618D284D100C1D502 /* XCTest.framework */; };
		A67ABC2818D284D100C1D502 /* Cocoa.framework in Frameworks */ = {isa = PBXBuildFile; fileRef = A67ABC0718D284D100C1D502 /* Cocoa.framework */; };
		A67ABC3018D284D200C1D502 /* InfoPlist.strings in Resources */ = {isa = PBXBuildFile; fileRef = A67ABC2E18D284D200C1D502 /* InfoPlist.strings */; };
		A67ABC3218D284D200C1D502 /* NumpadRemapTests.m in Sources */ = {isa = PBXBuildFile; fileRef = A67ABC3118D284D200C1D502 /* NumpadRemapTests.m */; };
		A684629C2140AA2D00C89350 /* NumpadKeyViewModel.swift in Sources */ = {isa = PBXBuildFile; fileRef = A684629B2140AA2D00C89350 /* NumpadKeyViewModel.swift */; };
		A684629E2140AA4D00C89350 /* NumpadViewModel.swift in Sources */ = {isa = PBXBuildFile; fileRef = A684629D2140AA4D00C89350 /* NumpadViewModel.swift */; };
		A6972B5E2124A9CF0008BC98 /* Main_old.storyboard in Resources */ = {isa = PBXBuildFile; fileRef = A6972B5D2124A9CE0008BC98 /* Main_old.storyboard */; };
		A6972B602124B0880008BC98 /* WindowController.swift in Sources */ = {isa = PBXBuildFile; fileRef = A6972B5F2124B0880008BC98 /* WindowController.swift */; };
		A6A92CFC1B82FE9400F606A4 /* ReactiveCocoa.framework in Frameworks */ = {isa = PBXBuildFile; fileRef = A6A92CFB1B82FE9400F606A4 /* ReactiveCocoa.framework */; };
		A6A92CFD1B82FE9400F606A4 /* ReactiveCocoa.framework in Embed Frameworks */ = {isa = PBXBuildFile; fileRef = A6A92CFB1B82FE9400F606A4 /* ReactiveCocoa.framework */; settings = {ATTRIBUTES = (CodeSignOnCopy, RemoveHeadersOnCopy, ); }; };
		A6C1E09F2145E561005FACB4 /* Main.storyboard in Resources */ = {isa = PBXBuildFile; fileRef = A6C1E09E2145E4E3005FACB4 /* Main.storyboard */; };
		A6C5B21D214B252500472F87 /* NumpadUITests.swift in Sources */ = {isa = PBXBuildFile; fileRef = A6C5B21C214B252500472F87 /* NumpadUITests.swift */; };
		A6DE806E18D7DBA000115F2E /* NRNumpadKeyView.m in Sources */ = {isa = PBXBuildFile; fileRef = A6DE806D18D7DBA000115F2E /* NRNumpadKeyView.m */; };
		A6F59104212DEDF300ACC761 /* SwiftFourTwoExtensions.swift in Sources */ = {isa = PBXBuildFile; fileRef = A6F59103212DEDF300ACC761 /* SwiftFourTwoExtensions.swift */; };
		A6F6872A18DA287A00E40A20 /* NRWindowContentView.m in Sources */ = {isa = PBXBuildFile; fileRef = A6F6872918DA287A00E40A20 /* NRWindowContentView.m */; };
		A6F6872D18DB6CDD00E40A20 /* NSArray+NRConvenience.m in Sources */ = {isa = PBXBuildFile; fileRef = A6F6872C18DB6CDD00E40A20 /* NSArray+NRConvenience.m */; };
		A6F6873018E0A6F100E40A20 /* NRNumpadPreferencesView.m in Sources */ = {isa = PBXBuildFile; fileRef = A6F6872F18E0A6F100E40A20 /* NRNumpadPreferencesView.m */; };
		A6F6873218E0A72200E40A20 /* NRNumpadPreferencesView.xib in Resources */ = {isa = PBXBuildFile; fileRef = A6F6873118E0A72200E40A20 /* NRNumpadPreferencesView.xib */; };
		A6FDC27B1B978A79003FC592 /* DABKit.framework in Frameworks */ = {isa = PBXBuildFile; fileRef = A6FDC27A1B978A79003FC592 /* DABKit.framework */; };
		A6FDC27C1B978A79003FC592 /* DABKit.framework in Embed Frameworks */ = {isa = PBXBuildFile; fileRef = A6FDC27A1B978A79003FC592 /* DABKit.framework */; settings = {ATTRIBUTES = (CodeSignOnCopy, RemoveHeadersOnCopy, ); }; };
		A6FDC2831B9962F1003FC592 /* NRWindow.m in Sources */ = {isa = PBXBuildFile; fileRef = A6FDC2821B9962F1003FC592 /* NRWindow.m */; };
		A6FDC2871B9A1E58003FC592 /* WAYAppStoreWindow.m in Sources */ = {isa = PBXBuildFile; fileRef = A6FDC2861B9A1E58003FC592 /* WAYAppStoreWindow.m */; };
		A6FDC28B1B9A1EDD003FC592 /* WAYWindow.m in Sources */ = {isa = PBXBuildFile; fileRef = A6FDC28A1B9A1EDD003FC592 /* WAYWindow.m */; };
		A6FDC28E1B9A4D1A003FC592 /* NRPreferences.m in Sources */ = {isa = PBXBuildFile; fileRef = A6FDC28D1B9A4D1A003FC592 /* NRPreferences.m */; };
		A6FDC2921B9A558B003FC592 /* NRPreferencesViewController.m in Sources */ = {isa = PBXBuildFile; fileRef = A6FDC2911B9A558B003FC592 /* NRPreferencesViewController.m */; };
		A6FDC2961B9A55A6003FC592 /* NRGeneralPreferencesViewController.m in Sources */ = {isa = PBXBuildFile; fileRef = A6FDC2941B9A55A6003FC592 /* NRGeneralPreferencesViewController.m */; };
		A6FDC2971B9A55A6003FC592 /* NRGeneralPreferencesViewController.xib in Resources */ = {isa = PBXBuildFile; fileRef = A6FDC2951B9A55A6003FC592 /* NRGeneralPreferencesViewController.xib */; };
		CC10034C72CFA4D9029482DB /* libPods-NumpadTests.a in Frameworks */ = {isa = PBXBuildFile; fileRef = CADB1A155C0E4F1BC9B97D30 /* libPods-NumpadTests.a */; };
/* End PBXBuildFile section */

/* Begin PBXContainerItemProxy section */
		A61ED1DF2112818F00DF502C /* PBXContainerItemProxy */ = {
			isa = PBXContainerItemProxy;
			containerPortal = A67ABBFC18D284D100C1D502 /* Project object */;
			proxyType = 1;
			remoteGlobalIDString = A67ABC0318D284D100C1D502;
			remoteInfo = Numpad;
		};
		A67ABC2918D284D100C1D502 /* PBXContainerItemProxy */ = {
			isa = PBXContainerItemProxy;
			containerPortal = A67ABBFC18D284D100C1D502 /* Project object */;
			proxyType = 1;
			remoteGlobalIDString = A67ABC0318D284D100C1D502;
			remoteInfo = NumpadRemap;
		};
		A6C5B21F214B252500472F87 /* PBXContainerItemProxy */ = {
			isa = PBXContainerItemProxy;
			containerPortal = A67ABBFC18D284D100C1D502 /* Project object */;
			proxyType = 1;
			remoteGlobalIDString = A67ABC0318D284D100C1D502;
			remoteInfo = Numpad;
		};
/* End PBXContainerItemProxy section */

/* Begin PBXCopyFilesBuildPhase section */
		A636862F1B7DB13900001A35 /* Embed Frameworks */ = {
			isa = PBXCopyFilesBuildPhase;
			buildActionMask = 2147483647;
			dstPath = "";
			dstSubfolderSpec = 10;
			files = (
				A636862E1B7DB13900001A35 /* DABActiveApplications.framework in Embed Frameworks */,
				A6A92CFD1B82FE9400F606A4 /* ReactiveCocoa.framework in Embed Frameworks */,
				A63686311B7DB13B00001A35 /* ObjectiveSugar.framework in Embed Frameworks */,
				A6FDC27C1B978A79003FC592 /* DABKit.framework in Embed Frameworks */,
				A678F7272113B3FD006908C2 /* AXSwift.framework in Embed Frameworks */,
			);
			name = "Embed Frameworks";
			runOnlyForDeploymentPostprocessing = 0;
		};
/* End PBXCopyFilesBuildPhase section */

/* Begin PBXFileReference section */
		45CB62085EDCBF75CDB05830 /* Pods-NumpadTests.debug.xcconfig */ = {isa = PBXFileReference; includeInIndex = 1; lastKnownFileType = text.xcconfig; name = "Pods-NumpadTests.debug.xcconfig"; path = "Pods/Target Support Files/Pods-NumpadTests/Pods-NumpadTests.debug.xcconfig"; sourceTree = "<group>"; };
		55581E8248E2A5F50C59DEE5 /* Pods-NumpadTests.release.xcconfig */ = {isa = PBXFileReference; includeInIndex = 1; lastKnownFileType = text.xcconfig; name = "Pods-NumpadTests.release.xcconfig"; path = "Pods/Target Support Files/Pods-NumpadTests/Pods-NumpadTests.release.xcconfig"; sourceTree = "<group>"; };
		75F10AF4E9F2C96E7CA78388 /* Pods-Numpad.debug.xcconfig */ = {isa = PBXFileReference; includeInIndex = 1; lastKnownFileType = text.xcconfig; name = "Pods-Numpad.debug.xcconfig"; path = "Pods/Target Support Files/Pods-Numpad/Pods-Numpad.debug.xcconfig"; sourceTree = "<group>"; };
		A024888369C93CD2280B2EAB /* libPods-Numpad.a */ = {isa = PBXFileReference; explicitFileType = archive.ar; includeInIndex = 0; path = "libPods-Numpad.a"; sourceTree = BUILT_PRODUCTS_DIR; };
		A61ED1D321127EDE00DF502C /* NumpadRemapTests-Bridging-Header.h */ = {isa = PBXFileReference; lastKnownFileType = sourcecode.c.h; path = "NumpadRemapTests-Bridging-Header.h"; sourceTree = "<group>"; };
		A61ED1D421127EDF00DF502C /* ActiveAppsTest.swift */ = {isa = PBXFileReference; lastKnownFileType = sourcecode.swift; path = ActiveAppsTest.swift; sourceTree = "<group>"; };
		A61ED1DA2112818F00DF502C /* NumpadTests.xctest */ = {isa = PBXFileReference; explicitFileType = wrapper.cfbundle; includeInIndex = 0; path = NumpadTests.xctest; sourceTree = BUILT_PRODUCTS_DIR; };
		A61ED1DC2112818F00DF502C /* NumpadTests.swift */ = {isa = PBXFileReference; lastKnownFileType = sourcecode.swift; path = NumpadTests.swift; sourceTree = "<group>"; };
		A61ED1DE2112818F00DF502C /* Info.plist */ = {isa = PBXFileReference; lastKnownFileType = text.plist.xml; path = Info.plist; sourceTree = "<group>"; };
		A6208F112137347F00AE2535 /* KeyboardConstants.swift */ = {isa = PBXFileReference; lastKnownFileType = sourcecode.swift; name = KeyboardConstants.swift; path = Classes/KeyboardConstants.swift; sourceTree = "<group>"; };
		A63686271B7DB08B00001A35 /* DABActiveApplications.framework */ = {isa = PBXFileReference; lastKnownFileType = wrapper.framework; name = DABActiveApplications.framework; path = Carthage/Build/Mac/DABActiveApplications.framework; sourceTree = "<group>"; };
		A63686281B7DB08B00001A35 /* ObjectiveSugar.framework */ = {isa = PBXFileReference; lastKnownFileType = wrapper.framework; name = ObjectiveSugar.framework; path = Carthage/Build/Mac/ObjectiveSugar.framework; sourceTree = "<group>"; };
		A639FDA01B9CBDF20026D03D /* NRPreferencesWindowController.h */ = {isa = PBXFileReference; fileEncoding = 4; lastKnownFileType = sourcecode.c.h; name = NRPreferencesWindowController.h; path = Classes/Preferences/NRPreferencesWindowController.h; sourceTree = "<group>"; };
		A639FDA11B9CBDF20026D03D /* NRPreferencesWindowController.m */ = {isa = PBXFileReference; fileEncoding = 4; lastKnownFileType = sourcecode.c.objc; name = NRPreferencesWindowController.m; path = Classes/Preferences/NRPreferencesWindowController.m; sourceTree = "<group>"; };
		A63A1B7A212344FC00712BEC /* NumpadViewController.swift */ = {isa = PBXFileReference; lastKnownFileType = sourcecode.swift; name = NumpadViewController.swift; path = Classes/NumpadViewController.swift; sourceTree = "<group>"; };
		A63A1B8021234DC700712BEC /* MainViewController.swift */ = {isa = PBXFileReference; lastKnownFileType = sourcecode.swift; name = MainViewController.swift; path = Classes/MainViewController.swift; sourceTree = "<group>"; };
		A63A1B842123F1F700712BEC /* MainViewController.storyboard */ = {isa = PBXFileReference; lastKnownFileType = file.storyboard; path = MainViewController.storyboard; sourceTree = "<group>"; };
		A6426D3721366ADF00D7709E /* Application.swift */ = {isa = PBXFileReference; lastKnownFileType = sourcecode.swift; name = Application.swift; path = Classes/Application.swift; sourceTree = "<group>"; };
		A6426D3921366B5C00D7709E /* ApplicationNavigator.swift */ = {isa = PBXFileReference; lastKnownFileType = sourcecode.swift; name = ApplicationNavigator.swift; path = Classes/ApplicationNavigator.swift; sourceTree = "<group>"; };
		A6426D3B21366CA400D7709E /* ServiceLocator.swift */ = {isa = PBXFileReference; lastKnownFileType = sourcecode.swift; name = ServiceLocator.swift; path = Classes/ServiceLocator.swift; sourceTree = "<group>"; };
		A65B02F92139AF09006D3188 /* ShortcutMappingModel.swift */ = {isa = PBXFileReference; lastKnownFileType = sourcecode.swift; name = ShortcutMappingModel.swift; path = Classes/ShortcutMappingModel.swift; sourceTree = "<group>"; };
		A65B02FB2139B376006D3188 /* NRShortcut.swift */ = {isa = PBXFileReference; lastKnownFileType = sourcecode.swift; name = NRShortcut.swift; path = Classes/NRShortcut.swift; sourceTree = "<group>"; };
		A65B02FE2139C61A006D3188 /* NumpadTests.m */ = {isa = PBXFileReference; fileEncoding = 4; lastKnownFileType = sourcecode.c.objc; path = NumpadTests.m; sourceTree = "<group>"; };
		A66BA3EE212A11AE00AB7E4A /* Numpad.entitlements */ = {isa = PBXFileReference; lastKnownFileType = text.plist.entitlements; path = Numpad.entitlements; sourceTree = "<group>"; };
		A678F7252113B3FD006908C2 /* AXSwift.framework */ = {isa = PBXFileReference; lastKnownFileType = wrapper.framework; name = AXSwift.framework; path = Carthage/Build/Mac/AXSwift.framework; sourceTree = "<group>"; };
		A67A212B2124C2CA00FCBF90 /* NumpadViewController.storyboard */ = {isa = PBXFileReference; lastKnownFileType = file.storyboard; path = NumpadViewController.storyboard; sourceTree = "<group>"; };
		A67A212D2125481700FCBF90 /* NSResponder+Log.swift */ = {isa = PBXFileReference; lastKnownFileType = sourcecode.swift; name = "NSResponder+Log.swift"; path = "Classes/NSResponder+Log.swift"; sourceTree = "<group>"; };
		A67A213021254AD700FCBF90 /* ExpandedNumpadView.swift */ = {isa = PBXFileReference; lastKnownFileType = sourcecode.swift; name = ExpandedNumpadView.swift; path = Classes/ExpandedNumpadView.swift; sourceTree = "<group>"; };
		A67A21322125F78500FCBF90 /* RACTempBindings.swift */ = {isa = PBXFileReference; lastKnownFileType = sourcecode.swift; name = RACTempBindings.swift; path = Classes/RACTempBindings.swift; sourceTree = "<group>"; };
		A67A21342128D8CF00FCBF90 /* Keyboard.swift */ = {isa = PBXFileReference; lastKnownFileType = sourcecode.swift; name = Keyboard.swift; path = Classes/Keyboard.swift; sourceTree = "<group>"; };
		A67ABC0418D284D100C1D502 /* Numpad.app */ = {isa = PBXFileReference; explicitFileType = wrapper.application; includeInIndex = 0; path = Numpad.app; sourceTree = BUILT_PRODUCTS_DIR; };
		A67ABC0718D284D100C1D502 /* Cocoa.framework */ = {isa = PBXFileReference; lastKnownFileType = wrapper.framework; name = Cocoa.framework; path = System/Library/Frameworks/Cocoa.framework; sourceTree = SDKROOT; };
		A67ABC0A18D284D100C1D502 /* AppKit.framework */ = {isa = PBXFileReference; lastKnownFileType = wrapper.framework; name = AppKit.framework; path = System/Library/Frameworks/AppKit.framework; sourceTree = SDKROOT; };
		A67ABC0B18D284D100C1D502 /* CoreData.framework */ = {isa = PBXFileReference; lastKnownFileType = wrapper.framework; name = CoreData.framework; path = System/Library/Frameworks/CoreData.framework; sourceTree = SDKROOT; };
		A67ABC0C18D284D100C1D502 /* Foundation.framework */ = {isa = PBXFileReference; lastKnownFileType = wrapper.framework; name = Foundation.framework; path = System/Library/Frameworks/Foundation.framework; sourceTree = SDKROOT; };
		A67ABC0F18D284D100C1D502 /* NumpadRemap-Info.plist */ = {isa = PBXFileReference; lastKnownFileType = text.plist.xml; path = "NumpadRemap-Info.plist"; sourceTree = "<group>"; };
		A67ABC1118D284D100C1D502 /* en */ = {isa = PBXFileReference; lastKnownFileType = text.plist.strings; name = en; path = en.lproj/InfoPlist.strings; sourceTree = "<group>"; };
		A67ABC1318D284D100C1D502 /* main.m */ = {isa = PBXFileReference; lastKnownFileType = sourcecode.c.objc; path = main.m; sourceTree = "<group>"; };
		A67ABC1518D284D100C1D502 /* NumpadRemap-Prefix.pch */ = {isa = PBXFileReference; lastKnownFileType = sourcecode.c.h; path = "NumpadRemap-Prefix.pch"; sourceTree = "<group>"; };
		A67ABC1718D284D100C1D502 /* en */ = {isa = PBXFileReference; lastKnownFileType = text.rtf; name = en; path = en.lproj/Credits.rtf; sourceTree = "<group>"; };
		A67ABC1D18D284D100C1D502 /* Base */ = {isa = PBXFileReference; lastKnownFileType = file.xib; name = Base; path = Base.lproj/MainMenu.xib; sourceTree = "<group>"; };
		A67ABC1F18D284D100C1D502 /* Images.xcassets */ = {isa = PBXFileReference; lastKnownFileType = folder.assetcatalog; path = Images.xcassets; sourceTree = "<group>"; };
		A67ABC2518D284D100C1D502 /* NumpadRemapTests.xctest */ = {isa = PBXFileReference; explicitFileType = wrapper.cfbundle; includeInIndex = 0; path = NumpadRemapTests.xctest; sourceTree = BUILT_PRODUCTS_DIR; };
		A67ABC2618D284D100C1D502 /* XCTest.framework */ = {isa = PBXFileReference; lastKnownFileType = wrapper.framework; name = XCTest.framework; path = Library/Frameworks/XCTest.framework; sourceTree = DEVELOPER_DIR; };
		A67ABC2D18D284D100C1D502 /* NumpadRemapTests-Info.plist */ = {isa = PBXFileReference; lastKnownFileType = text.plist.xml; path = "NumpadRemapTests-Info.plist"; sourceTree = "<group>"; };
		A67ABC2F18D284D200C1D502 /* en */ = {isa = PBXFileReference; lastKnownFileType = text.plist.strings; name = en; path = en.lproj/InfoPlist.strings; sourceTree = "<group>"; };
		A67ABC3118D284D200C1D502 /* NumpadRemapTests.m */ = {isa = PBXFileReference; lastKnownFileType = sourcecode.c.objc; path = NumpadRemapTests.m; sourceTree = "<group>"; };
		A684629B2140AA2D00C89350 /* NumpadKeyViewModel.swift */ = {isa = PBXFileReference; lastKnownFileType = sourcecode.swift; name = NumpadKeyViewModel.swift; path = Classes/NumpadKeyViewModel.swift; sourceTree = "<group>"; };
		A684629D2140AA4D00C89350 /* NumpadViewModel.swift */ = {isa = PBXFileReference; lastKnownFileType = sourcecode.swift; name = NumpadViewModel.swift; path = Classes/NumpadViewModel.swift; sourceTree = "<group>"; };
		A6972B5D2124A9CE0008BC98 /* Main_old.storyboard */ = {isa = PBXFileReference; fileEncoding = 4; lastKnownFileType = file.storyboard; path = Main_old.storyboard; sourceTree = "<group>"; };
		A6972B5F2124B0880008BC98 /* WindowController.swift */ = {isa = PBXFileReference; lastKnownFileType = sourcecode.swift; path = WindowController.swift; sourceTree = "<group>"; };
		A6A92CFB1B82FE9400F606A4 /* ReactiveCocoa.framework */ = {isa = PBXFileReference; lastKnownFileType = wrapper.framework; name = ReactiveCocoa.framework; path = Carthage/Build/Mac/ReactiveCocoa.framework; sourceTree = "<group>"; };
		A6BBD81F211D25C6003EBBDC /* Numpad-Bridging-Header.h */ = {isa = PBXFileReference; lastKnownFileType = sourcecode.c.h; path = "Numpad-Bridging-Header.h"; sourceTree = "<group>"; };
		A6BBD820211D25C6003EBBDC /* NRAppDelegate.swift */ = {isa = PBXFileReference; lastKnownFileType = sourcecode.swift; path = NRAppDelegate.swift; sourceTree = "<group>"; };
		A6C1E09E2145E4E3005FACB4 /* Main.storyboard */ = {isa = PBXFileReference; lastKnownFileType = file.storyboard; path = Main.storyboard; sourceTree = "<group>"; };
		A6C5B21A214B252500472F87 /* NumpadUITests.xctest */ = {isa = PBXFileReference; explicitFileType = wrapper.cfbundle; includeInIndex = 0; path = NumpadUITests.xctest; sourceTree = BUILT_PRODUCTS_DIR; };
		A6C5B21C214B252500472F87 /* NumpadUITests.swift */ = {isa = PBXFileReference; lastKnownFileType = sourcecode.swift; path = NumpadUITests.swift; sourceTree = "<group>"; };
		A6C5B21E214B252500472F87 /* Info.plist */ = {isa = PBXFileReference; lastKnownFileType = text.plist.xml; path = Info.plist; sourceTree = "<group>"; };
		A6C5B224214B352800472F87 /* TODO.md */ = {isa = PBXFileReference; lastKnownFileType = net.daringfireball.markdown; name = TODO.md; path = NumpadRemap/TODO.md; sourceTree = SOURCE_ROOT; };
		A6DE806C18D7DBA000115F2E /* NRNumpadKeyView.h */ = {isa = PBXFileReference; fileEncoding = 4; lastKnownFileType = sourcecode.c.h; name = NRNumpadKeyView.h; path = Classes/NRNumpadKeyView.h; sourceTree = "<group>"; };
		A6DE806D18D7DBA000115F2E /* NRNumpadKeyView.m */ = {isa = PBXFileReference; fileEncoding = 4; lastKnownFileType = sourcecode.c.objc; name = NRNumpadKeyView.m; path = Classes/NRNumpadKeyView.m; sourceTree = "<group>"; };
		A6F59103212DEDF300ACC761 /* SwiftFourTwoExtensions.swift */ = {isa = PBXFileReference; lastKnownFileType = sourcecode.swift; name = SwiftFourTwoExtensions.swift; path = Classes/SwiftFourTwoExtensions.swift; sourceTree = "<group>"; };
		A6F6872818DA287A00E40A20 /* NRWindowContentView.h */ = {isa = PBXFileReference; fileEncoding = 4; lastKnownFileType = sourcecode.c.h; name = NRWindowContentView.h; path = Classes/NRWindowContentView.h; sourceTree = "<group>"; };
		A6F6872918DA287A00E40A20 /* NRWindowContentView.m */ = {isa = PBXFileReference; fileEncoding = 4; lastKnownFileType = sourcecode.c.objc; name = NRWindowContentView.m; path = Classes/NRWindowContentView.m; sourceTree = "<group>"; };
		A6F6872B18DB6CDD00E40A20 /* NSArray+NRConvenience.h */ = {isa = PBXFileReference; fileEncoding = 4; lastKnownFileType = sourcecode.c.h; name = "NSArray+NRConvenience.h"; path = "Classes/NSArray+NRConvenience.h"; sourceTree = "<group>"; };
		A6F6872C18DB6CDD00E40A20 /* NSArray+NRConvenience.m */ = {isa = PBXFileReference; fileEncoding = 4; lastKnownFileType = sourcecode.c.objc; name = "NSArray+NRConvenience.m"; path = "Classes/NSArray+NRConvenience.m"; sourceTree = "<group>"; };
		A6F6872E18E0A6F100E40A20 /* NRNumpadPreferencesView.h */ = {isa = PBXFileReference; fileEncoding = 4; lastKnownFileType = sourcecode.c.h; name = NRNumpadPreferencesView.h; path = Classes/NRNumpadPreferencesView.h; sourceTree = "<group>"; };
		A6F6872F18E0A6F100E40A20 /* NRNumpadPreferencesView.m */ = {isa = PBXFileReference; fileEncoding = 4; lastKnownFileType = sourcecode.c.objc; name = NRNumpadPreferencesView.m; path = Classes/NRNumpadPreferencesView.m; sourceTree = "<group>"; };
		A6F6873118E0A72200E40A20 /* NRNumpadPreferencesView.xib */ = {isa = PBXFileReference; fileEncoding = 4; lastKnownFileType = file.xib; name = NRNumpadPreferencesView.xib; path = Classes/NRNumpadPreferencesView.xib; sourceTree = "<group>"; };
		A6FDC27A1B978A79003FC592 /* DABKit.framework */ = {isa = PBXFileReference; lastKnownFileType = wrapper.framework; name = DABKit.framework; path = Carthage/Build/Mac/DABKit.framework; sourceTree = "<group>"; };
		A6FDC2811B9962F1003FC592 /* NRWindow.h */ = {isa = PBXFileReference; fileEncoding = 4; lastKnownFileType = sourcecode.c.h; name = NRWindow.h; path = Classes/NRWindow.h; sourceTree = "<group>"; };
		A6FDC2821B9962F1003FC592 /* NRWindow.m */ = {isa = PBXFileReference; fileEncoding = 4; lastKnownFileType = sourcecode.c.objc; name = NRWindow.m; path = Classes/NRWindow.m; sourceTree = "<group>"; };
		A6FDC2851B9A1E58003FC592 /* WAYAppStoreWindow.h */ = {isa = PBXFileReference; fileEncoding = 4; lastKnownFileType = sourcecode.c.h; path = WAYAppStoreWindow.h; sourceTree = "<group>"; };
		A6FDC2861B9A1E58003FC592 /* WAYAppStoreWindow.m */ = {isa = PBXFileReference; fileEncoding = 4; lastKnownFileType = sourcecode.c.objc; path = WAYAppStoreWindow.m; sourceTree = "<group>"; };
		A6FDC2891B9A1EDD003FC592 /* WAYWindow.h */ = {isa = PBXFileReference; fileEncoding = 4; lastKnownFileType = sourcecode.c.h; path = WAYWindow.h; sourceTree = "<group>"; };
		A6FDC28A1B9A1EDD003FC592 /* WAYWindow.m */ = {isa = PBXFileReference; fileEncoding = 4; lastKnownFileType = sourcecode.c.objc; path = WAYWindow.m; sourceTree = "<group>"; };
		A6FDC28C1B9A4D1A003FC592 /* NRPreferences.h */ = {isa = PBXFileReference; fileEncoding = 4; lastKnownFileType = sourcecode.c.h; name = NRPreferences.h; path = Classes/Preferences/NRPreferences.h; sourceTree = "<group>"; };
		A6FDC28D1B9A4D1A003FC592 /* NRPreferences.m */ = {isa = PBXFileReference; fileEncoding = 4; lastKnownFileType = sourcecode.c.objc; name = NRPreferences.m; path = Classes/Preferences/NRPreferences.m; sourceTree = "<group>"; };
		A6FDC2901B9A558B003FC592 /* NRPreferencesViewController.h */ = {isa = PBXFileReference; fileEncoding = 4; lastKnownFileType = sourcecode.c.h; name = NRPreferencesViewController.h; path = Classes/Preferences/NRPreferencesViewController.h; sourceTree = "<group>"; };
		A6FDC2911B9A558B003FC592 /* NRPreferencesViewController.m */ = {isa = PBXFileReference; fileEncoding = 4; lastKnownFileType = sourcecode.c.objc; name = NRPreferencesViewController.m; path = Classes/Preferences/NRPreferencesViewController.m; sourceTree = "<group>"; };
		A6FDC2931B9A55A6003FC592 /* NRGeneralPreferencesViewController.h */ = {isa = PBXFileReference; fileEncoding = 4; lastKnownFileType = sourcecode.c.h; name = NRGeneralPreferencesViewController.h; path = Classes/Preferences/NRGeneralPreferencesViewController.h; sourceTree = "<group>"; };
		A6FDC2941B9A55A6003FC592 /* NRGeneralPreferencesViewController.m */ = {isa = PBXFileReference; fileEncoding = 4; lastKnownFileType = sourcecode.c.objc; name = NRGeneralPreferencesViewController.m; path = Classes/Preferences/NRGeneralPreferencesViewController.m; sourceTree = "<group>"; };
		A6FDC2951B9A55A6003FC592 /* NRGeneralPreferencesViewController.xib */ = {isa = PBXFileReference; fileEncoding = 4; lastKnownFileType = file.xib; name = NRGeneralPreferencesViewController.xib; path = Classes/Preferences/NRGeneralPreferencesViewController.xib; sourceTree = "<group>"; };
		B101577414D4D7055D9F1C7B /* Pods-Numpad.release.xcconfig */ = {isa = PBXFileReference; includeInIndex = 1; lastKnownFileType = text.xcconfig; name = "Pods-Numpad.release.xcconfig"; path = "Pods/Target Support Files/Pods-Numpad/Pods-Numpad.release.xcconfig"; sourceTree = "<group>"; };
		CADB1A155C0E4F1BC9B97D30 /* libPods-NumpadTests.a */ = {isa = PBXFileReference; explicitFileType = archive.ar; includeInIndex = 0; path = "libPods-NumpadTests.a"; sourceTree = BUILT_PRODUCTS_DIR; };
/* End PBXFileReference section */

/* Begin PBXFrameworksBuildPhase section */
		A61ED1D72112818F00DF502C /* Frameworks */ = {
			isa = PBXFrameworksBuildPhase;
			buildActionMask = 2147483647;
			files = (
				CC10034C72CFA4D9029482DB /* libPods-NumpadTests.a in Frameworks */,
			);
			runOnlyForDeploymentPostprocessing = 0;
		};
		A67ABC0118D284D100C1D502 /* Frameworks */ = {
			isa = PBXFrameworksBuildPhase;
			buildActionMask = 2147483647;
			files = (
				A6569F9221110F84003BDBD5 /* libPods-Numpad.a in Frameworks */,
				A678F7262113B3FD006908C2 /* AXSwift.framework in Frameworks */,
				A67ABC0818D284D100C1D502 /* Cocoa.framework in Frameworks */,
				A636862B1B7DB08B00001A35 /* ObjectiveSugar.framework in Frameworks */,
				A6FDC27B1B978A79003FC592 /* DABKit.framework in Frameworks */,
				A636862A1B7DB08B00001A35 /* DABActiveApplications.framework in Frameworks */,
				A6A92CFC1B82FE9400F606A4 /* ReactiveCocoa.framework in Frameworks */,
			);
			runOnlyForDeploymentPostprocessing = 0;
		};
		A67ABC2218D284D100C1D502 /* Frameworks */ = {
			isa = PBXFrameworksBuildPhase;
			buildActionMask = 2147483647;
			files = (
				A67ABC2818D284D100C1D502 /* Cocoa.framework in Frameworks */,
				A67ABC2718D284D100C1D502 /* XCTest.framework in Frameworks */,
			);
			runOnlyForDeploymentPostprocessing = 0;
		};
		A6C5B217214B252500472F87 /* Frameworks */ = {
			isa = PBXFrameworksBuildPhase;
			buildActionMask = 2147483647;
			files = (
			);
			runOnlyForDeploymentPostprocessing = 0;
		};
/* End PBXFrameworksBuildPhase section */

/* Begin PBXGroup section */
		628F4C9C1A6AE15917C8B402 /* Pods */ = {
			isa = PBXGroup;
			children = (
				B101577414D4D7055D9F1C7B /* Pods-Numpad.release.xcconfig */,
				75F10AF4E9F2C96E7CA78388 /* Pods-Numpad.debug.xcconfig */,
				45CB62085EDCBF75CDB05830 /* Pods-NumpadTests.debug.xcconfig */,
				55581E8248E2A5F50C59DEE5 /* Pods-NumpadTests.release.xcconfig */,
			);
			name = Pods;
			sourceTree = "<group>";
		};
		A61ED1DB2112818F00DF502C /* NumpadTests */ = {
			isa = PBXGroup;
			children = (
				A65B02FE2139C61A006D3188 /* NumpadTests.m */,
				A61ED1DC2112818F00DF502C /* NumpadTests.swift */,
				A61ED1DE2112818F00DF502C /* Info.plist */,
			);
			path = NumpadTests;
			sourceTree = "<group>";
		};
		A6360E55211E7866007F31A4 /* Views */ = {
			isa = PBXGroup;
			children = (
				A67A213021254AD700FCBF90 /* ExpandedNumpadView.swift */,
				A6DE806C18D7DBA000115F2E /* NRNumpadKeyView.h */,
				A6DE806D18D7DBA000115F2E /* NRNumpadKeyView.m */,
				A6F6872818DA287A00E40A20 /* NRWindowContentView.h */,
				A6F6872918DA287A00E40A20 /* NRWindowContentView.m */,
				A6F6872F18E0A6F100E40A20 /* NRNumpadPreferencesView.m */,
				A6F6872E18E0A6F100E40A20 /* NRNumpadPreferencesView.h */,
				A6F6873118E0A72200E40A20 /* NRNumpadPreferencesView.xib */,
			);
			name = Views;
			sourceTree = "<group>";
		};
		A6360E56211E7885007F31A4 /* Models */ = {
			isa = PBXGroup;
			children = (
				A67A21342128D8CF00FCBF90 /* Keyboard.swift */,
				A6208F112137347F00AE2535 /* KeyboardConstants.swift */,
				A65B02F92139AF09006D3188 /* ShortcutMappingModel.swift */,
				A65B02FB2139B376006D3188 /* NRShortcut.swift */,
			);
			name = Models;
			sourceTree = "<group>";
		};
		A6360E57211E788E007F31A4 /* View Models */ = {
			isa = PBXGroup;
			children = (
				A684629B2140AA2D00C89350 /* NumpadKeyViewModel.swift */,
				A684629D2140AA4D00C89350 /* NumpadViewModel.swift */,
			);
			name = "View Models";
			sourceTree = "<group>";
		};
		A6360EC0211E9F88007F31A4 /* Controllers */ = {
			isa = PBXGroup;
			children = (
				A6972B5F2124B0880008BC98 /* WindowController.swift */,
				A63A1B8021234DC700712BEC /* MainViewController.swift */,
				A63A1B842123F1F700712BEC /* MainViewController.storyboard */,
				A63A1B7A212344FC00712BEC /* NumpadViewController.swift */,
				A67A212B2124C2CA00FCBF90 /* NumpadViewController.storyboard */,
			);
			name = Controllers;
			sourceTree = "<group>";
		};
		A67A212F2125482300FCBF90 /* Extensions */ = {
			isa = PBXGroup;
			children = (
				A6F6872B18DB6CDD00E40A20 /* NSArray+NRConvenience.h */,
				A6F6872C18DB6CDD00E40A20 /* NSArray+NRConvenience.m */,
				A67A212D2125481700FCBF90 /* NSResponder+Log.swift */,
				A67A21322125F78500FCBF90 /* RACTempBindings.swift */,
				A6F59103212DEDF300ACC761 /* SwiftFourTwoExtensions.swift */,
			);
			name = Extensions;
			sourceTree = "<group>";
		};
		A67ABBFB18D284D100C1D502 = {
			isa = PBXGroup;
			children = (
				A66BA3EE212A11AE00AB7E4A /* Numpad.entitlements */,
				A678F7252113B3FD006908C2 /* AXSwift.framework */,
				A6FDC27A1B978A79003FC592 /* DABKit.framework */,
				A67ABC0D18D284D100C1D502 /* NumpadRemap */,
				A67ABC2B18D284D100C1D502 /* NumpadRemapTests */,
				A61ED1DB2112818F00DF502C /* NumpadTests */,
				A6C5B21B214B252500472F87 /* NumpadUITests */,
				A67ABC0618D284D100C1D502 /* Frameworks */,
				A67ABC0518D284D100C1D502 /* Products */,
				628F4C9C1A6AE15917C8B402 /* Pods */,
			);
			sourceTree = "<group>";
		};
		A67ABC0518D284D100C1D502 /* Products */ = {
			isa = PBXGroup;
			children = (
				A67ABC0418D284D100C1D502 /* Numpad.app */,
				A67ABC2518D284D100C1D502 /* NumpadRemapTests.xctest */,
				A61ED1DA2112818F00DF502C /* NumpadTests.xctest */,
				A6C5B21A214B252500472F87 /* NumpadUITests.xctest */,
			);
			name = Products;
			sourceTree = "<group>";
		};
		A67ABC0618D284D100C1D502 /* Frameworks */ = {
			isa = PBXGroup;
			children = (
				A6A92CFB1B82FE9400F606A4 /* ReactiveCocoa.framework */,
				A63686271B7DB08B00001A35 /* DABActiveApplications.framework */,
				A63686281B7DB08B00001A35 /* ObjectiveSugar.framework */,
				A67ABC0718D284D100C1D502 /* Cocoa.framework */,
				A67ABC2618D284D100C1D502 /* XCTest.framework */,
				A67ABC0918D284D100C1D502 /* Other Frameworks */,
				A024888369C93CD2280B2EAB /* libPods-Numpad.a */,
				CADB1A155C0E4F1BC9B97D30 /* libPods-NumpadTests.a */,
			);
			name = Frameworks;
			sourceTree = "<group>";
		};
		A67ABC0918D284D100C1D502 /* Other Frameworks */ = {
			isa = PBXGroup;
			children = (
				A67ABC0A18D284D100C1D502 /* AppKit.framework */,
				A67ABC0B18D284D100C1D502 /* CoreData.framework */,
				A67ABC0C18D284D100C1D502 /* Foundation.framework */,
			);
			name = "Other Frameworks";
			sourceTree = "<group>";
		};
		A67ABC0D18D284D100C1D502 /* NumpadRemap */ = {
			isa = PBXGroup;
			children = (
				A6FDC2841B9A1E58003FC592 /* WAYAppStoreWindow */,
				A6C187A718D63A4300F7F9BF /* Classes */,
				A6BBD820211D25C6003EBBDC /* NRAppDelegate.swift */,
				A6C5B224214B352800472F87 /* TODO.md */,
				A6426D3721366ADF00D7709E /* Application.swift */,
				A6426D3B21366CA400D7709E /* ServiceLocator.swift */,
				A6426D3921366B5C00D7709E /* ApplicationNavigator.swift */,
				A67ABC1C18D284D100C1D502 /* MainMenu.xib */,
				A6972B5D2124A9CE0008BC98 /* Main_old.storyboard */,
				A6C1E09E2145E4E3005FACB4 /* Main.storyboard */,
				A67ABC1F18D284D100C1D502 /* Images.xcassets */,
				A67ABC0E18D284D100C1D502 /* Supporting Files */,
				A6BBD81F211D25C6003EBBDC /* Numpad-Bridging-Header.h */,
			);
			path = NumpadRemap;
			sourceTree = "<group>";
		};
		A67ABC0E18D284D100C1D502 /* Supporting Files */ = {
			isa = PBXGroup;
			children = (
				A67ABC0F18D284D100C1D502 /* NumpadRemap-Info.plist */,
				A67ABC1018D284D100C1D502 /* InfoPlist.strings */,
				A67ABC1318D284D100C1D502 /* main.m */,
				A67ABC1518D284D100C1D502 /* NumpadRemap-Prefix.pch */,
				A67ABC1618D284D100C1D502 /* Credits.rtf */,
			);
			name = "Supporting Files";
			sourceTree = "<group>";
		};
		A67ABC2B18D284D100C1D502 /* NumpadRemapTests */ = {
			isa = PBXGroup;
			children = (
				A67ABC3118D284D200C1D502 /* NumpadRemapTests.m */,
				A61ED1D421127EDF00DF502C /* ActiveAppsTest.swift */,
				A67ABC2C18D284D100C1D502 /* Supporting Files */,
				A61ED1D321127EDE00DF502C /* NumpadRemapTests-Bridging-Header.h */,
			);
			path = NumpadRemapTests;
			sourceTree = "<group>";
		};
		A67ABC2C18D284D100C1D502 /* Supporting Files */ = {
			isa = PBXGroup;
			children = (
				A67ABC2D18D284D100C1D502 /* NumpadRemapTests-Info.plist */,
				A67ABC2E18D284D200C1D502 /* InfoPlist.strings */,
			);
			name = "Supporting Files";
			sourceTree = "<group>";
		};
		A6C187A718D63A4300F7F9BF /* Classes */ = {
			isa = PBXGroup;
			children = (
				A6FDC2811B9962F1003FC592 /* NRWindow.h */,
				A6FDC2821B9962F1003FC592 /* NRWindow.m */,
				A67A212F2125482300FCBF90 /* Extensions */,
				A6FDC28F1B9A4D20003FC592 /* Preferences */,
				A6360E55211E7866007F31A4 /* Views */,
				A6360E56211E7885007F31A4 /* Models */,
				A6360E57211E788E007F31A4 /* View Models */,
				A6360EC0211E9F88007F31A4 /* Controllers */,
			);
			name = Classes;
			sourceTree = "<group>";
		};
		A6C5B21B214B252500472F87 /* NumpadUITests */ = {
			isa = PBXGroup;
			children = (
				A6C5B21C214B252500472F87 /* NumpadUITests.swift */,
				A6C5B21E214B252500472F87 /* Info.plist */,
			);
			path = NumpadUITests;
			sourceTree = "<group>";
		};
		A6FDC2841B9A1E58003FC592 /* WAYAppStoreWindow */ = {
			isa = PBXGroup;
			children = (
				A6FDC2881B9A1EDD003FC592 /* WAYWindow */,
				A6FDC2851B9A1E58003FC592 /* WAYAppStoreWindow.h */,
				A6FDC2861B9A1E58003FC592 /* WAYAppStoreWindow.m */,
			);
			name = WAYAppStoreWindow;
			path = External/WAYAppStoreWindow;
			sourceTree = SOURCE_ROOT;
		};
		A6FDC2881B9A1EDD003FC592 /* WAYWindow */ = {
			isa = PBXGroup;
			children = (
				A6FDC2891B9A1EDD003FC592 /* WAYWindow.h */,
				A6FDC28A1B9A1EDD003FC592 /* WAYWindow.m */,
			);
			name = WAYWindow;
			path = External/WAYWindow;
			sourceTree = SOURCE_ROOT;
		};
		A6FDC28F1B9A4D20003FC592 /* Preferences */ = {
			isa = PBXGroup;
			children = (
				A639FDA01B9CBDF20026D03D /* NRPreferencesWindowController.h */,
				A639FDA11B9CBDF20026D03D /* NRPreferencesWindowController.m */,
				A6FDC2901B9A558B003FC592 /* NRPreferencesViewController.h */,
				A6FDC2911B9A558B003FC592 /* NRPreferencesViewController.m */,
				A6FDC2931B9A55A6003FC592 /* NRGeneralPreferencesViewController.h */,
				A6FDC2941B9A55A6003FC592 /* NRGeneralPreferencesViewController.m */,
				A6FDC2951B9A55A6003FC592 /* NRGeneralPreferencesViewController.xib */,
				A6FDC28C1B9A4D1A003FC592 /* NRPreferences.h */,
				A6FDC28D1B9A4D1A003FC592 /* NRPreferences.m */,
			);
			name = Preferences;
			sourceTree = "<group>";
		};
/* End PBXGroup section */

/* Begin PBXNativeTarget section */
		A61ED1D92112818F00DF502C /* NumpadTests */ = {
			isa = PBXNativeTarget;
			buildConfigurationList = A61ED1E12112818F00DF502C /* Build configuration list for PBXNativeTarget "NumpadTests" */;
			buildPhases = (
				BD27B917B613C25A3BC4C756 /* [CP] Check Pods Manifest.lock */,
				A61ED1D62112818F00DF502C /* Sources */,
				A61ED1D72112818F00DF502C /* Frameworks */,
				A61ED1D82112818F00DF502C /* Resources */,
			);
			buildRules = (
			);
			dependencies = (
				A61ED1E02112818F00DF502C /* PBXTargetDependency */,
			);
			name = NumpadTests;
			productName = NumpadTests;
			productReference = A61ED1DA2112818F00DF502C /* NumpadTests.xctest */;
			productType = "com.apple.product-type.bundle.unit-test";
		};
		A67ABC0318D284D100C1D502 /* Numpad */ = {
			isa = PBXNativeTarget;
			buildConfigurationList = A67ABC3518D284D200C1D502 /* Build configuration list for PBXNativeTarget "Numpad" */;
			buildPhases = (
				7D249405F0E88BC6BD703C05 /* [CP] Check Pods Manifest.lock */,
				A67ABC0018D284D100C1D502 /* Sources */,
				A67ABC0118D284D100C1D502 /* Frameworks */,
				A67ABC0218D284D100C1D502 /* Resources */,
				A636862F1B7DB13900001A35 /* Embed Frameworks */,
				1EC9B4660AE89E16D8F1856B /* [CP] Copy Pods Resources */,
				A678F7242113B205006908C2 /* Carthage */,
			);
			buildRules = (
			);
			dependencies = (
			);
			name = Numpad;
			productName = NumpadRemap;
			productReference = A67ABC0418D284D100C1D502 /* Numpad.app */;
			productType = "com.apple.product-type.application";
		};
		A67ABC2418D284D100C1D502 /* NumpadRemapTests */ = {
			isa = PBXNativeTarget;
			buildConfigurationList = A67ABC3818D284D200C1D502 /* Build configuration list for PBXNativeTarget "NumpadRemapTests" */;
			buildPhases = (
				A67ABC2118D284D100C1D502 /* Sources */,
				A67ABC2218D284D100C1D502 /* Frameworks */,
				A67ABC2318D284D100C1D502 /* Resources */,
			);
			buildRules = (
			);
			dependencies = (
				A67ABC2A18D284D100C1D502 /* PBXTargetDependency */,
			);
			name = NumpadRemapTests;
			productName = NumpadRemapTests;
			productReference = A67ABC2518D284D100C1D502 /* NumpadRemapTests.xctest */;
			productType = "com.apple.product-type.bundle.unit-test";
		};
		A6C5B219214B252500472F87 /* NumpadUITests */ = {
			isa = PBXNativeTarget;
			buildConfigurationList = A6C5B223214B252500472F87 /* Build configuration list for PBXNativeTarget "NumpadUITests" */;
			buildPhases = (
				A6C5B216214B252500472F87 /* Sources */,
				A6C5B217214B252500472F87 /* Frameworks */,
				A6C5B218214B252500472F87 /* Resources */,
			);
			buildRules = (
			);
			dependencies = (
				A6C5B220214B252500472F87 /* PBXTargetDependency */,
			);
			name = NumpadUITests;
			productName = NumpadUITests;
			productReference = A6C5B21A214B252500472F87 /* NumpadUITests.xctest */;
			productType = "com.apple.product-type.bundle.ui-testing";
		};
/* End PBXNativeTarget section */

/* Begin PBXProject section */
		A67ABBFC18D284D100C1D502 /* Project object */ = {
			isa = PBXProject;
			attributes = {
				CLASSPREFIX = NR;
				LastSwiftUpdateCheck = 0940;
				LastUpgradeCheck = 0510;
				ORGANIZATIONNAME = "David Belford";
				TargetAttributes = {
					A61ED1D92112818F00DF502C = {
						CreatedOnToolsVersion = 9.4;
						ProvisioningStyle = Manual;
						TestTargetID = A67ABC0318D284D100C1D502;
					};
					A67ABC0318D284D100C1D502 = {
						LastSwiftMigration = 0940;
						SystemCapabilities = {
							com.apple.Sandbox = {
								enabled = 0;
							};
						};
					};
					A67ABC2418D284D100C1D502 = {
						LastSwiftMigration = 0940;
						TestTargetID = A67ABC0318D284D100C1D502;
					};
					A6C5B219214B252500472F87 = {
						CreatedOnToolsVersion = 9.4;
						ProvisioningStyle = Automatic;
						TestTargetID = A67ABC0318D284D100C1D502;
					};
				};
			};
			buildConfigurationList = A67ABBFF18D284D100C1D502 /* Build configuration list for PBXProject "NumpadRemap" */;
			compatibilityVersion = "Xcode 3.2";
			developmentRegion = English;
			hasScannedForEncodings = 0;
			knownRegions = (
				en,
				Base,
			);
			mainGroup = A67ABBFB18D284D100C1D502;
			productRefGroup = A67ABC0518D284D100C1D502 /* Products */;
			projectDirPath = "";
			projectRoot = "";
			targets = (
				A67ABC0318D284D100C1D502 /* Numpad */,
				A67ABC2418D284D100C1D502 /* NumpadRemapTests */,
				A61ED1D92112818F00DF502C /* NumpadTests */,
				A6C5B219214B252500472F87 /* NumpadUITests */,
			);
		};
/* End PBXProject section */

/* Begin PBXResourcesBuildPhase section */
		A61ED1D82112818F00DF502C /* Resources */ = {
			isa = PBXResourcesBuildPhase;
			buildActionMask = 2147483647;
			files = (
			);
			runOnlyForDeploymentPostprocessing = 0;
		};
		A67ABC0218D284D100C1D502 /* Resources */ = {
			isa = PBXResourcesBuildPhase;
			buildActionMask = 2147483647;
			files = (
				A67ABC1218D284D100C1D502 /* InfoPlist.strings in Resources */,
				A6C1E09F2145E561005FACB4 /* Main.storyboard in Resources */,
				A6972B5E2124A9CF0008BC98 /* Main_old.storyboard in Resources */,
				A63A1B852123F1F700712BEC /* MainViewController.storyboard in Resources */,
				A67ABC2018D284D100C1D502 /* Images.xcassets in Resources */,
				A67ABC1818D284D100C1D502 /* Credits.rtf in Resources */,
				A6F6873218E0A72200E40A20 /* NRNumpadPreferencesView.xib in Resources */,
				A67A212C2124C2CA00FCBF90 /* NumpadViewController.storyboard in Resources */,
				A6FDC2971B9A55A6003FC592 /* NRGeneralPreferencesViewController.xib in Resources */,
				A67ABC1E18D284D100C1D502 /* MainMenu.xib in Resources */,
			);
			runOnlyForDeploymentPostprocessing = 0;
		};
		A67ABC2318D284D100C1D502 /* Resources */ = {
			isa = PBXResourcesBuildPhase;
			buildActionMask = 2147483647;
			files = (
				A67ABC3018D284D200C1D502 /* InfoPlist.strings in Resources */,
			);
			runOnlyForDeploymentPostprocessing = 0;
		};
		A6C5B218214B252500472F87 /* Resources */ = {
			isa = PBXResourcesBuildPhase;
			buildActionMask = 2147483647;
			files = (
			);
			runOnlyForDeploymentPostprocessing = 0;
		};
/* End PBXResourcesBuildPhase section */

/* Begin PBXShellScriptBuildPhase section */
		1EC9B4660AE89E16D8F1856B /* [CP] Copy Pods Resources */ = {
			isa = PBXShellScriptBuildPhase;
			buildActionMask = 2147483647;
			files = (
			);
			inputPaths = (
				"${SRCROOT}/Pods/Target Support Files/Pods-Numpad/Pods-Numpad-resources.sh",
				"${PODS_ROOT}/FontAwesomeIconFactory/Font-Awesome/fonts/FontAwesome.otf",
				"${PODS_ROOT}/MASPreferences/Framework/en.lproj/MASPreferencesWindow.xib",
				"${PODS_CONFIGURATION_BUILD_DIR}/MASShortcut/MASShortcut.bundle",
			);
			name = "[CP] Copy Pods Resources";
			outputPaths = (
				"${TARGET_BUILD_DIR}/${UNLOCALIZED_RESOURCES_FOLDER_PATH}/FontAwesome.otf",
				"${TARGET_BUILD_DIR}/${UNLOCALIZED_RESOURCES_FOLDER_PATH}/MASPreferencesWindow.nib",
				"${TARGET_BUILD_DIR}/${UNLOCALIZED_RESOURCES_FOLDER_PATH}/MASShortcut.bundle",
			);
			runOnlyForDeploymentPostprocessing = 0;
			shellPath = /bin/sh;
			shellScript = "\"${SRCROOT}/Pods/Target Support Files/Pods-Numpad/Pods-Numpad-resources.sh\"\n";
			showEnvVarsInLog = 0;
		};
		7D249405F0E88BC6BD703C05 /* [CP] Check Pods Manifest.lock */ = {
			isa = PBXShellScriptBuildPhase;
			buildActionMask = 2147483647;
			files = (
			);
			inputPaths = (
				"${PODS_PODFILE_DIR_PATH}/Podfile.lock",
				"${PODS_ROOT}/Manifest.lock",
			);
			name = "[CP] Check Pods Manifest.lock";
			outputPaths = (
				"$(DERIVED_FILE_DIR)/Pods-Numpad-checkManifestLockResult.txt",
			);
			runOnlyForDeploymentPostprocessing = 0;
			shellPath = /bin/sh;
			shellScript = "diff \"${PODS_PODFILE_DIR_PATH}/Podfile.lock\" \"${PODS_ROOT}/Manifest.lock\" > /dev/null\nif [ $? != 0 ] ; then\n    # print error to STDERR\n    echo \"error: The sandbox is not in sync with the Podfile.lock. Run 'pod install' or update your CocoaPods installation.\" >&2\n    exit 1\nfi\n# This output is used by Xcode 'outputs' to avoid re-running this script phase.\necho \"SUCCESS\" > \"${SCRIPT_OUTPUT_FILE_0}\"\n";
			showEnvVarsInLog = 0;
		};
		A678F7242113B205006908C2 /* Carthage */ = {
			isa = PBXShellScriptBuildPhase;
			buildActionMask = 2147483647;
			files = (
			);
			inputPaths = (
				"$(SRCROOT)/Carthage/Build/Mac/AXSwift.framework",
				"$(SRCROOT)/Carthage/Build/Mac/DABKit.framework",
				"$(SRCROOT)/Carthage/Build/Mac/ObjectiveSugar.framework",
				"$(SRCROOT)/Carthage/Build/Mac/ReactiveCocoa.framework",
				"$(SRCROOT)/Carthage/Build/Mac/DABActiveApplications.framework",
			);
			name = Carthage;
			outputPaths = (
				"$(BUILT_PRODUCTS_DIR)/$(FRAMEWORKS_FOLDER_PATH)/AXSwift.framework",
				"$(BUILT_PRODUCTS_DIR)/$(FRAMEWORKS_FOLDER_PATH)/DABKit.framework",
				"$(BUILT_PRODUCTS_DIR)/$(FRAMEWORKS_FOLDER_PATH)/ObjectiveSugar.framework",
				"$(BUILT_PRODUCTS_DIR)/$(FRAMEWORKS_FOLDER_PATH)/ReactiveCocoa.framework",
				"$(BUILT_PRODUCTS_DIR)/$(FRAMEWORKS_FOLDER_PATH)/DABActiveApplications.framework",
			);
			runOnlyForDeploymentPostprocessing = 0;
			shellPath = /bin/sh;
			shellScript = "/usr/local/bin/carthage copy-frameworks";
		};
		BD27B917B613C25A3BC4C756 /* [CP] Check Pods Manifest.lock */ = {
			isa = PBXShellScriptBuildPhase;
			buildActionMask = 2147483647;
			files = (
			);
			inputPaths = (
				"${PODS_PODFILE_DIR_PATH}/Podfile.lock",
				"${PODS_ROOT}/Manifest.lock",
			);
			name = "[CP] Check Pods Manifest.lock";
			outputPaths = (
				"$(DERIVED_FILE_DIR)/Pods-NumpadTests-checkManifestLockResult.txt",
			);
			runOnlyForDeploymentPostprocessing = 0;
			shellPath = /bin/sh;
			shellScript = "diff \"${PODS_PODFILE_DIR_PATH}/Podfile.lock\" \"${PODS_ROOT}/Manifest.lock\" > /dev/null\nif [ $? != 0 ] ; then\n    # print error to STDERR\n    echo \"error: The sandbox is not in sync with the Podfile.lock. Run 'pod install' or update your CocoaPods installation.\" >&2\n    exit 1\nfi\n# This output is used by Xcode 'outputs' to avoid re-running this script phase.\necho \"SUCCESS\" > \"${SCRIPT_OUTPUT_FILE_0}\"\n";
			showEnvVarsInLog = 0;
		};
/* End PBXShellScriptBuildPhase section */

/* Begin PBXSourcesBuildPhase section */
		A61ED1D62112818F00DF502C /* Sources */ = {
			isa = PBXSourcesBuildPhase;
			buildActionMask = 2147483647;
			files = (
				A65B02FF2139C61A006D3188 /* NumpadTests.m in Sources */,
				A61ED1DD2112818F00DF502C /* NumpadTests.swift in Sources */,
			);
			runOnlyForDeploymentPostprocessing = 0;
		};
		A67ABC0018D284D100C1D502 /* Sources */ = {
			isa = PBXSourcesBuildPhase;
			buildActionMask = 2147483647;
			files = (
				A6FDC2871B9A1E58003FC592 /* WAYAppStoreWindow.m in Sources */,
				A6FDC28B1B9A1EDD003FC592 /* WAYWindow.m in Sources */,
				A6208F122137347F00AE2535 /* KeyboardConstants.swift in Sources */,
				A67A21332125F78500FCBF90 /* RACTempBindings.swift in Sources */,
				A67A212E2125481700FCBF90 /* NSResponder+Log.swift in Sources */,
				A6426D3A21366B5C00D7709E /* ApplicationNavigator.swift in Sources */,
				A63A1B7B212344FC00712BEC /* NumpadViewController.swift in Sources */,
				A6426D3C21366CA400D7709E /* ServiceLocator.swift in Sources */,
				A6FDC28E1B9A4D1A003FC592 /* NRPreferences.m in Sources */,
				A6F6872D18DB6CDD00E40A20 /* NSArray+NRConvenience.m in Sources */,
				A6426D3821366ADF00D7709E /* Application.swift in Sources */,
				A684629E2140AA4D00C89350 /* NumpadViewModel.swift in Sources */,
				A65B02FA2139AF09006D3188 /* ShortcutMappingModel.swift in Sources */,
				A6F59104212DEDF300ACC761 /* SwiftFourTwoExtensions.swift in Sources */,
				A6F6873018E0A6F100E40A20 /* NRNumpadPreferencesView.m in Sources */,
				A6972B602124B0880008BC98 /* WindowController.swift in Sources */,
				A6360E54211E3594007F31A4 /* NRAppDelegate.swift in Sources */,
				A6FDC2921B9A558B003FC592 /* NRPreferencesViewController.m in Sources */,
				A6DE806E18D7DBA000115F2E /* NRNumpadKeyView.m in Sources */,
				A639FDA21B9CBDF20026D03D /* NRPreferencesWindowController.m in Sources */,
				A67A213121254AD700FCBF90 /* ExpandedNumpadView.swift in Sources */,
				A6FDC2831B9962F1003FC592 /* NRWindow.m in Sources */,
				A684629C2140AA2D00C89350 /* NumpadKeyViewModel.swift in Sources */,
				A6F6872A18DA287A00E40A20 /* NRWindowContentView.m in Sources */,
				A67ABC1418D284D100C1D502 /* main.m in Sources */,
				A67A21352128D8CF00FCBF90 /* Keyboard.swift in Sources */,
				A6FDC2961B9A55A6003FC592 /* NRGeneralPreferencesViewController.m in Sources */,
				A63A1B8121234DC700712BEC /* MainViewController.swift in Sources */,
				A65B02FC2139B376006D3188 /* NRShortcut.swift in Sources */,
			);
			runOnlyForDeploymentPostprocessing = 0;
		};
		A67ABC2118D284D100C1D502 /* Sources */ = {
			isa = PBXSourcesBuildPhase;
			buildActionMask = 2147483647;
			files = (
				A67ABC3218D284D200C1D502 /* NumpadRemapTests.m in Sources */,
				A61ED1D521127EDF00DF502C /* ActiveAppsTest.swift in Sources */,
			);
			runOnlyForDeploymentPostprocessing = 0;
		};
		A6C5B216214B252500472F87 /* Sources */ = {
			isa = PBXSourcesBuildPhase;
			buildActionMask = 2147483647;
			files = (
				A6C5B21D214B252500472F87 /* NumpadUITests.swift in Sources */,
			);
			runOnlyForDeploymentPostprocessing = 0;
		};
/* End PBXSourcesBuildPhase section */

/* Begin PBXTargetDependency section */
		A61ED1E02112818F00DF502C /* PBXTargetDependency */ = {
			isa = PBXTargetDependency;
			target = A67ABC0318D284D100C1D502 /* Numpad */;
			targetProxy = A61ED1DF2112818F00DF502C /* PBXContainerItemProxy */;
		};
		A67ABC2A18D284D100C1D502 /* PBXTargetDependency */ = {
			isa = PBXTargetDependency;
			target = A67ABC0318D284D100C1D502 /* Numpad */;
			targetProxy = A67ABC2918D284D100C1D502 /* PBXContainerItemProxy */;
		};
		A6C5B220214B252500472F87 /* PBXTargetDependency */ = {
			isa = PBXTargetDependency;
			target = A67ABC0318D284D100C1D502 /* Numpad */;
			targetProxy = A6C5B21F214B252500472F87 /* PBXContainerItemProxy */;
		};
/* End PBXTargetDependency section */

/* Begin PBXVariantGroup section */
		A67ABC1018D284D100C1D502 /* InfoPlist.strings */ = {
			isa = PBXVariantGroup;
			children = (
				A67ABC1118D284D100C1D502 /* en */,
			);
			name = InfoPlist.strings;
			sourceTree = "<group>";
		};
		A67ABC1618D284D100C1D502 /* Credits.rtf */ = {
			isa = PBXVariantGroup;
			children = (
				A67ABC1718D284D100C1D502 /* en */,
			);
			name = Credits.rtf;
			sourceTree = "<group>";
		};
		A67ABC1C18D284D100C1D502 /* MainMenu.xib */ = {
			isa = PBXVariantGroup;
			children = (
				A67ABC1D18D284D100C1D502 /* Base */,
			);
			name = MainMenu.xib;
			sourceTree = "<group>";
		};
		A67ABC2E18D284D200C1D502 /* InfoPlist.strings */ = {
			isa = PBXVariantGroup;
			children = (
				A67ABC2F18D284D200C1D502 /* en */,
			);
			name = InfoPlist.strings;
			sourceTree = "<group>";
		};
/* End PBXVariantGroup section */

/* Begin XCBuildConfiguration section */
		A61ED1E22112818F00DF502C /* Debug */ = {
			isa = XCBuildConfiguration;
			baseConfigurationReference = 45CB62085EDCBF75CDB05830 /* Pods-NumpadTests.debug.xcconfig */;
			buildSettings = {
				ALWAYS_EMBED_SWIFT_STANDARD_LIBRARIES = YES;
				BUNDLE_LOADER = "$(TEST_HOST)";
				CLANG_ANALYZER_NONNULL = YES;
				CLANG_ANALYZER_NUMBER_OBJECT_CONVERSION = YES_AGGRESSIVE;
				CLANG_CXX_LANGUAGE_STANDARD = "gnu++14";
				CLANG_ENABLE_OBJC_WEAK = YES;
				CLANG_WARN_BLOCK_CAPTURE_AUTORELEASING = YES;
				CLANG_WARN_COMMA = YES;
				CLANG_WARN_DEPRECATED_OBJC_IMPLEMENTATIONS = YES;
				CLANG_WARN_DOCUMENTATION_COMMENTS = YES;
				CLANG_WARN_INFINITE_RECURSION = YES;
				CLANG_WARN_NON_LITERAL_NULL_CONVERSION = YES;
				CLANG_WARN_OBJC_IMPLICIT_RETAIN_SELF = YES;
				CLANG_WARN_OBJC_LITERAL_CONVERSION = YES;
				CLANG_WARN_RANGE_LOOP_ANALYSIS = YES;
				CLANG_WARN_STRICT_PROTOTYPES = YES;
				CLANG_WARN_SUSPICIOUS_MOVE = YES;
				CLANG_WARN_UNGUARDED_AVAILABILITY = YES_AGGRESSIVE;
				CLANG_WARN_UNREACHABLE_CODE = YES;
				CODE_SIGN_IDENTITY = "";
				CODE_SIGN_STYLE = Manual;
				COMBINE_HIDPI_IMAGES = YES;
				DEBUG_INFORMATION_FORMAT = dwarf;
				DEVELOPMENT_TEAM = "";
				ENABLE_STRICT_OBJC_MSGSEND = YES;
				ENABLE_TESTABILITY = YES;
				FRAMEWORK_SEARCH_PATHS = (
					"$(inherited)",
					"$(PROJECT_DIR)/Carthage/Build/Mac",
				);
				GCC_C_LANGUAGE_STANDARD = gnu11;
				GCC_NO_COMMON_BLOCKS = YES;
				INFOPLIST_FILE = NumpadTests/Info.plist;
				LD_RUNPATH_SEARCH_PATHS = "$(inherited) @executable_path/../Frameworks @loader_path/../Frameworks";
				MACOSX_DEPLOYMENT_TARGET = 10.13;
				MTL_ENABLE_DEBUG_INFO = YES;
				ONLY_ACTIVE_ARCH = YES;
				PRODUCT_BUNDLE_IDENTIFIER = com.dbelford.NumpadTests;
				PRODUCT_NAME = "$(TARGET_NAME)";
				PROVISIONING_PROFILE_SPECIFIER = "";
				SWIFT_ACTIVE_COMPILATION_CONDITIONS = DEBUG;
				SWIFT_OBJC_BRIDGING_HEADER = "NumpadRemap/Numpad-Bridging-Header.h";
				SWIFT_OPTIMIZATION_LEVEL = "-Onone";
				SWIFT_VERSION = 4.0;
				TEST_HOST = "$(BUILT_PRODUCTS_DIR)/Numpad.app/Contents/MacOS/Numpad";
			};
			name = Debug;
		};
		A61ED1E32112818F00DF502C /* Release */ = {
			isa = XCBuildConfiguration;
			baseConfigurationReference = 55581E8248E2A5F50C59DEE5 /* Pods-NumpadTests.release.xcconfig */;
			buildSettings = {
				ALWAYS_EMBED_SWIFT_STANDARD_LIBRARIES = YES;
				BUNDLE_LOADER = "$(TEST_HOST)";
				CLANG_ANALYZER_NONNULL = YES;
				CLANG_ANALYZER_NUMBER_OBJECT_CONVERSION = YES_AGGRESSIVE;
				CLANG_CXX_LANGUAGE_STANDARD = "gnu++14";
				CLANG_ENABLE_OBJC_WEAK = YES;
				CLANG_WARN_BLOCK_CAPTURE_AUTORELEASING = YES;
				CLANG_WARN_COMMA = YES;
				CLANG_WARN_DEPRECATED_OBJC_IMPLEMENTATIONS = YES;
				CLANG_WARN_DOCUMENTATION_COMMENTS = YES;
				CLANG_WARN_INFINITE_RECURSION = YES;
				CLANG_WARN_NON_LITERAL_NULL_CONVERSION = YES;
				CLANG_WARN_OBJC_IMPLICIT_RETAIN_SELF = YES;
				CLANG_WARN_OBJC_LITERAL_CONVERSION = YES;
				CLANG_WARN_RANGE_LOOP_ANALYSIS = YES;
				CLANG_WARN_STRICT_PROTOTYPES = YES;
				CLANG_WARN_SUSPICIOUS_MOVE = YES;
				CLANG_WARN_UNGUARDED_AVAILABILITY = YES_AGGRESSIVE;
				CLANG_WARN_UNREACHABLE_CODE = YES;
				CODE_SIGN_IDENTITY = "";
				CODE_SIGN_STYLE = Manual;
				COMBINE_HIDPI_IMAGES = YES;
				COPY_PHASE_STRIP = NO;
				DEVELOPMENT_TEAM = "";
				ENABLE_STRICT_OBJC_MSGSEND = YES;
				FRAMEWORK_SEARCH_PATHS = (
					"$(inherited)",
					"$(PROJECT_DIR)/Carthage/Build/Mac",
				);
				GCC_C_LANGUAGE_STANDARD = gnu11;
				GCC_NO_COMMON_BLOCKS = YES;
				INFOPLIST_FILE = NumpadTests/Info.plist;
				LD_RUNPATH_SEARCH_PATHS = "$(inherited) @executable_path/../Frameworks @loader_path/../Frameworks";
				MACOSX_DEPLOYMENT_TARGET = 10.13;
				MTL_ENABLE_DEBUG_INFO = NO;
				PRODUCT_BUNDLE_IDENTIFIER = com.dbelford.NumpadTests;
				PRODUCT_NAME = "$(TARGET_NAME)";
				PROVISIONING_PROFILE_SPECIFIER = "";
				SWIFT_OBJC_BRIDGING_HEADER = "NumpadRemap/Numpad-Bridging-Header.h";
				SWIFT_OPTIMIZATION_LEVEL = "-Owholemodule";
				SWIFT_VERSION = 4.0;
				TEST_HOST = "$(BUILT_PRODUCTS_DIR)/Numpad.app/Contents/MacOS/Numpad";
			};
			name = Release;
		};
		A67ABC3318D284D200C1D502 /* Debug */ = {
			isa = XCBuildConfiguration;
			buildSettings = {
				ALWAYS_EMBED_SWIFT_STANDARD_LIBRARIES = YES;
				ALWAYS_SEARCH_USER_PATHS = YES;
				CLANG_CXX_LANGUAGE_STANDARD = "gnu++0x";
				CLANG_CXX_LIBRARY = "libc++";
				CLANG_ENABLE_MODULES = YES;
				CLANG_ENABLE_OBJC_ARC = YES;
				CLANG_WARN_BOOL_CONVERSION = YES;
				CLANG_WARN_CONSTANT_CONVERSION = YES;
				CLANG_WARN_DIRECT_OBJC_ISA_USAGE = YES_ERROR;
				CLANG_WARN_EMPTY_BODY = YES;
				CLANG_WARN_ENUM_CONVERSION = YES;
				CLANG_WARN_INT_CONVERSION = YES;
				CLANG_WARN_OBJC_ROOT_CLASS = YES_ERROR;
				CLANG_WARN__DUPLICATE_METHOD_MATCH = YES;
				COPY_PHASE_STRIP = NO;
				DEFINES_MODULE = YES;
				ENABLE_TESTABILITY = YES;
				GCC_C_LANGUAGE_STANDARD = gnu99;
				GCC_DYNAMIC_NO_PIC = NO;
				GCC_ENABLE_OBJC_EXCEPTIONS = YES;
				GCC_OPTIMIZATION_LEVEL = 0;
				GCC_PREPROCESSOR_DEFINITIONS = (
					"DEBUG=1",
					"$(inherited)",
				);
				GCC_SYMBOLS_PRIVATE_EXTERN = NO;
				GCC_WARN_64_TO_32_BIT_CONVERSION = YES;
				GCC_WARN_ABOUT_RETURN_TYPE = YES_ERROR;
				GCC_WARN_UNDECLARED_SELECTOR = YES;
				GCC_WARN_UNINITIALIZED_AUTOS = YES_AGGRESSIVE;
				GCC_WARN_UNUSED_FUNCTION = YES;
				GCC_WARN_UNUSED_VARIABLE = YES;
				HEADER_SEARCH_PATHS = "";
				MACOSX_DEPLOYMENT_TARGET = 10.12;
				ONLY_ACTIVE_ARCH = YES;
				SDKROOT = macosx;
			};
			name = Debug;
		};
		A67ABC3418D284D200C1D502 /* Release */ = {
			isa = XCBuildConfiguration;
			buildSettings = {
				ALWAYS_EMBED_SWIFT_STANDARD_LIBRARIES = YES;
				ALWAYS_SEARCH_USER_PATHS = YES;
				CLANG_CXX_LANGUAGE_STANDARD = "gnu++0x";
				CLANG_CXX_LIBRARY = "libc++";
				CLANG_ENABLE_MODULES = YES;
				CLANG_ENABLE_OBJC_ARC = YES;
				CLANG_WARN_BOOL_CONVERSION = YES;
				CLANG_WARN_CONSTANT_CONVERSION = YES;
				CLANG_WARN_DIRECT_OBJC_ISA_USAGE = YES_ERROR;
				CLANG_WARN_EMPTY_BODY = YES;
				CLANG_WARN_ENUM_CONVERSION = YES;
				CLANG_WARN_INT_CONVERSION = YES;
				CLANG_WARN_OBJC_ROOT_CLASS = YES_ERROR;
				CLANG_WARN__DUPLICATE_METHOD_MATCH = YES;
				COPY_PHASE_STRIP = YES;
				DEBUG_INFORMATION_FORMAT = "dwarf-with-dsym";
				DEFINES_MODULE = YES;
				ENABLE_NS_ASSERTIONS = NO;
				ENABLE_TESTABILITY = NO;
				GCC_C_LANGUAGE_STANDARD = gnu99;
				GCC_ENABLE_OBJC_EXCEPTIONS = YES;
				GCC_OPTIMIZATION_LEVEL = 0;
				GCC_WARN_64_TO_32_BIT_CONVERSION = YES;
				GCC_WARN_ABOUT_RETURN_TYPE = YES_ERROR;
				GCC_WARN_UNDECLARED_SELECTOR = YES;
				GCC_WARN_UNINITIALIZED_AUTOS = YES_AGGRESSIVE;
				GCC_WARN_UNUSED_FUNCTION = YES;
				GCC_WARN_UNUSED_VARIABLE = YES;
				HEADER_SEARCH_PATHS = "";
				MACOSX_DEPLOYMENT_TARGET = 10.12;
				ONLY_ACTIVE_ARCH = YES;
				SDKROOT = macosx;
			};
			name = Release;
		};
		A67ABC3618D284D200C1D502 /* Debug */ = {
			isa = XCBuildConfiguration;
			baseConfigurationReference = 75F10AF4E9F2C96E7CA78388 /* Pods-Numpad.debug.xcconfig */;
			buildSettings = {
				ASSETCATALOG_COMPILER_APPICON_NAME = AppIcon;
				CLANG_ENABLE_MODULES = YES;
				COMBINE_HIDPI_IMAGES = YES;
				CURRENT_PROJECT_VERSION = 287;
				FRAMEWORK_SEARCH_PATHS = (
					"$(inherited)",
					"$(PROJECT_DIR)/Carthage/Build/Mac",
				);
				GCC_PRECOMPILE_PREFIX_HEADER = YES;
				GCC_PREFIX_HEADER = "NumpadRemap/NumpadRemap-Prefix.pch";
				INFOPLIST_FILE = "NumpadRemap/NumpadRemap-Info.plist";
				LD_RUNPATH_SEARCH_PATHS = "$(inherited) @executable_path/../Frameworks";
				MACOSX_DEPLOYMENT_TARGET = 10.12;
				PRODUCT_NAME = "$(TARGET_NAME)";
				SWIFT_OBJC_BRIDGING_HEADER = "NumpadRemap/Numpad-Bridging-Header.h";
				SWIFT_OPTIMIZATION_LEVEL = "-Onone";
				SWIFT_VERSION = 3.0;
				WRAPPER_EXTENSION = app;
			};
			name = Debug;
		};
		A67ABC3718D284D200C1D502 /* Release */ = {
			isa = XCBuildConfiguration;
			baseConfigurationReference = B101577414D4D7055D9F1C7B /* Pods-Numpad.release.xcconfig */;
			buildSettings = {
				ASSETCATALOG_COMPILER_APPICON_NAME = AppIcon;
				CLANG_ENABLE_MODULES = YES;
				COMBINE_HIDPI_IMAGES = YES;
				CURRENT_PROJECT_VERSION = 287;
				FRAMEWORK_SEARCH_PATHS = (
					"$(inherited)",
					"$(PROJECT_DIR)/Carthage/Build/Mac",
				);
				GCC_PRECOMPILE_PREFIX_HEADER = YES;
				GCC_PREFIX_HEADER = "NumpadRemap/NumpadRemap-Prefix.pch";
				INFOPLIST_FILE = "NumpadRemap/NumpadRemap-Info.plist";
				LD_RUNPATH_SEARCH_PATHS = "$(inherited) @executable_path/../Frameworks";
				MACOSX_DEPLOYMENT_TARGET = 10.12;
				PRODUCT_NAME = "$(TARGET_NAME)";
				SWIFT_OBJC_BRIDGING_HEADER = "NumpadRemap/Numpad-Bridging-Header.h";
				SWIFT_OPTIMIZATION_LEVEL = "-Onone";
				SWIFT_VERSION = 3.0;
				WRAPPER_EXTENSION = app;
			};
			name = Release;
		};
		A67ABC3918D284D200C1D502 /* Debug */ = {
			isa = XCBuildConfiguration;
			buildSettings = {
				ALWAYS_EMBED_SWIFT_STANDARD_LIBRARIES = YES;
				BUNDLE_LOADER = "$(BUILT_PRODUCTS_DIR)/NumpadRemap.app/Contents/MacOS/NumpadRemap";
				CLANG_ENABLE_MODULES = YES;
				COMBINE_HIDPI_IMAGES = YES;
				FRAMEWORK_SEARCH_PATHS = (
					"$(DEVELOPER_FRAMEWORKS_DIR)",
					"$(inherited)",
				);
				GCC_PRECOMPILE_PREFIX_HEADER = YES;
				GCC_PREFIX_HEADER = "NumpadRemap/NumpadRemap-Prefix.pch";
				GCC_PREPROCESSOR_DEFINITIONS = (
					"DEBUG=1",
					"$(inherited)",
				);
				INFOPLIST_FILE = "NumpadRemapTests/NumpadRemapTests-Info.plist";
				LD_RUNPATH_SEARCH_PATHS = "$(inherited) @executable_path/../Frameworks @loader_path/../Frameworks";
				PRODUCT_NAME = "$(TARGET_NAME)";
				SWIFT_OBJC_BRIDGING_HEADER = "NumpadRemapTests/NumpadRemapTests-Bridging-Header.h";
				SWIFT_OPTIMIZATION_LEVEL = "-Onone";
				SWIFT_VERSION = 3.0;
				TEST_HOST = "$(BUNDLE_LOADER)";
				WRAPPER_EXTENSION = xctest;
			};
			name = Debug;
		};
		A67ABC3A18D284D200C1D502 /* Release */ = {
			isa = XCBuildConfiguration;
			buildSettings = {
				ALWAYS_EMBED_SWIFT_STANDARD_LIBRARIES = YES;
				BUNDLE_LOADER = "$(BUILT_PRODUCTS_DIR)/NumpadRemap.app/Contents/MacOS/NumpadRemap";
				CLANG_ENABLE_MODULES = YES;
				COMBINE_HIDPI_IMAGES = YES;
				FRAMEWORK_SEARCH_PATHS = (
					"$(DEVELOPER_FRAMEWORKS_DIR)",
					"$(inherited)",
				);
				GCC_PRECOMPILE_PREFIX_HEADER = YES;
				GCC_PREFIX_HEADER = "NumpadRemap/NumpadRemap-Prefix.pch";
				INFOPLIST_FILE = "NumpadRemapTests/NumpadRemapTests-Info.plist";
				LD_RUNPATH_SEARCH_PATHS = "$(inherited) @executable_path/../Frameworks @loader_path/../Frameworks";
				PRODUCT_NAME = "$(TARGET_NAME)";
				SWIFT_OBJC_BRIDGING_HEADER = "NumpadRemapTests/NumpadRemapTests-Bridging-Header.h";
				SWIFT_VERSION = 3.0;
				TEST_HOST = "$(BUNDLE_LOADER)";
				WRAPPER_EXTENSION = xctest;
			};
			name = Release;
		};
		A6C5B221214B252500472F87 /* Debug */ = {
			isa = XCBuildConfiguration;
			buildSettings = {
				ALWAYS_SEARCH_USER_PATHS = NO;
				CLANG_ANALYZER_NONNULL = YES;
				CLANG_ANALYZER_NUMBER_OBJECT_CONVERSION = YES_AGGRESSIVE;
				CLANG_CXX_LANGUAGE_STANDARD = "gnu++14";
				CLANG_ENABLE_OBJC_WEAK = YES;
				CLANG_WARN_BLOCK_CAPTURE_AUTORELEASING = YES;
				CLANG_WARN_COMMA = YES;
				CLANG_WARN_DEPRECATED_OBJC_IMPLEMENTATIONS = YES;
				CLANG_WARN_DOCUMENTATION_COMMENTS = YES;
				CLANG_WARN_INFINITE_RECURSION = YES;
				CLANG_WARN_NON_LITERAL_NULL_CONVERSION = YES;
				CLANG_WARN_OBJC_IMPLICIT_RETAIN_SELF = YES;
				CLANG_WARN_OBJC_LITERAL_CONVERSION = YES;
				CLANG_WARN_RANGE_LOOP_ANALYSIS = YES;
				CLANG_WARN_STRICT_PROTOTYPES = YES;
				CLANG_WARN_SUSPICIOUS_MOVE = YES;
				CLANG_WARN_UNGUARDED_AVAILABILITY = YES_AGGRESSIVE;
				CLANG_WARN_UNREACHABLE_CODE = YES;
				CODE_SIGN_IDENTITY = "-";
				CODE_SIGN_STYLE = Automatic;
				COMBINE_HIDPI_IMAGES = YES;
				DEBUG_INFORMATION_FORMAT = dwarf;
				ENABLE_STRICT_OBJC_MSGSEND = YES;
				GCC_C_LANGUAGE_STANDARD = gnu11;
				GCC_NO_COMMON_BLOCKS = YES;
				INFOPLIST_FILE = NumpadUITests/Info.plist;
				LD_RUNPATH_SEARCH_PATHS = "$(inherited) @executable_path/../Frameworks @loader_path/../Frameworks";
				MACOSX_DEPLOYMENT_TARGET = 10.13;
				MTL_ENABLE_DEBUG_INFO = YES;
				PRODUCT_BUNDLE_IDENTIFIER = com.dbelford.NumpadUITests;
				PRODUCT_NAME = "$(TARGET_NAME)";
				SWIFT_ACTIVE_COMPILATION_CONDITIONS = DEBUG;
				SWIFT_OPTIMIZATION_LEVEL = "-Onone";
				SWIFT_VERSION = 4.0;
				TEST_TARGET_NAME = Numpad;
			};
			name = Debug;
		};
		A6C5B222214B252500472F87 /* Release */ = {
			isa = XCBuildConfiguration;
			buildSettings = {
				ALWAYS_SEARCH_USER_PATHS = NO;
				CLANG_ANALYZER_NONNULL = YES;
				CLANG_ANALYZER_NUMBER_OBJECT_CONVERSION = YES_AGGRESSIVE;
				CLANG_CXX_LANGUAGE_STANDARD = "gnu++14";
				CLANG_ENABLE_OBJC_WEAK = YES;
				CLANG_WARN_BLOCK_CAPTURE_AUTORELEASING = YES;
				CLANG_WARN_COMMA = YES;
				CLANG_WARN_DEPRECATED_OBJC_IMPLEMENTATIONS = YES;
				CLANG_WARN_DOCUMENTATION_COMMENTS = YES;
				CLANG_WARN_INFINITE_RECURSION = YES;
				CLANG_WARN_NON_LITERAL_NULL_CONVERSION = YES;
				CLANG_WARN_OBJC_IMPLICIT_RETAIN_SELF = YES;
				CLANG_WARN_OBJC_LITERAL_CONVERSION = YES;
				CLANG_WARN_RANGE_LOOP_ANALYSIS = YES;
				CLANG_WARN_STRICT_PROTOTYPES = YES;
				CLANG_WARN_SUSPICIOUS_MOVE = YES;
				CLANG_WARN_UNGUARDED_AVAILABILITY = YES_AGGRESSIVE;
				CLANG_WARN_UNREACHABLE_CODE = YES;
				CODE_SIGN_IDENTITY = "-";
				CODE_SIGN_STYLE = Automatic;
				COMBINE_HIDPI_IMAGES = YES;
				COPY_PHASE_STRIP = NO;
				ENABLE_STRICT_OBJC_MSGSEND = YES;
				GCC_C_LANGUAGE_STANDARD = gnu11;
				GCC_NO_COMMON_BLOCKS = YES;
				INFOPLIST_FILE = NumpadUITests/Info.plist;
				LD_RUNPATH_SEARCH_PATHS = "$(inherited) @executable_path/../Frameworks @loader_path/../Frameworks";
				MACOSX_DEPLOYMENT_TARGET = 10.13;
				MTL_ENABLE_DEBUG_INFO = NO;
				PRODUCT_BUNDLE_IDENTIFIER = com.dbelford.NumpadUITests;
				PRODUCT_NAME = "$(TARGET_NAME)";
				SWIFT_OPTIMIZATION_LEVEL = "-Owholemodule";
				SWIFT_VERSION = 4.0;
				TEST_TARGET_NAME = Numpad;
			};
			name = Release;
		};
/* End XCBuildConfiguration section */

/* Begin XCConfigurationList section */
		A61ED1E12112818F00DF502C /* Build configuration list for PBXNativeTarget "NumpadTests" */ = {
			isa = XCConfigurationList;
			buildConfigurations = (
				A61ED1E22112818F00DF502C /* Debug */,
				A61ED1E32112818F00DF502C /* Release */,
			);
			defaultConfigurationIsVisible = 0;
			defaultConfigurationName = Release;
		};
		A67ABBFF18D284D100C1D502 /* Build configuration list for PBXProject "NumpadRemap" */ = {
			isa = XCConfigurationList;
			buildConfigurations = (
				A67ABC3318D284D200C1D502 /* Debug */,
				A67ABC3418D284D200C1D502 /* Release */,
			);
			defaultConfigurationIsVisible = 0;
			defaultConfigurationName = Release;
		};
		A67ABC3518D284D200C1D502 /* Build configuration list for PBXNativeTarget "Numpad" */ = {
			isa = XCConfigurationList;
			buildConfigurations = (
				A67ABC3618D284D200C1D502 /* Debug */,
				A67ABC3718D284D200C1D502 /* Release */,
			);
			defaultConfigurationIsVisible = 0;
			defaultConfigurationName = Release;
		};
		A67ABC3818D284D200C1D502 /* Build configuration list for PBXNativeTarget "NumpadRemapTests" */ = {
			isa = XCConfigurationList;
			buildConfigurations = (
				A67ABC3918D284D200C1D502 /* Debug */,
				A67ABC3A18D284D200C1D502 /* Release */,
			);
			defaultConfigurationIsVisible = 0;
			defaultConfigurationName = Release;
		};
		A6C5B223214B252500472F87 /* Build configuration list for PBXNativeTarget "NumpadUITests" */ = {
			isa = XCConfigurationList;
			buildConfigurations = (
				A6C5B221214B252500472F87 /* Debug */,
				A6C5B222214B252500472F87 /* Release */,
			);
			defaultConfigurationIsVisible = 0;
			defaultConfigurationName = Release;
		};
/* End XCConfigurationList section */
	};
	rootObject = A67ABBFC18D284D100C1D502 /* Project object */;
}
